# This file was autogenerated by Stack.
# You should not edit this file by hand.
# For more information, please see the documentation at:
#   https://docs.haskellstack.org/en/stable/lock_files

packages:
- completed:
    hackage: ghc-source-gen-0.2.0.1@sha256:4af15901dc325d1269ef04592c3677c41eaa7f9f6bbd43b9707792c2f6c0b159,3437
    pantry-tree:
      size: 1762
      sha256: f357fa9de1c82d267f4c40e63d84896f37b1800b25819e276ad85ac61f039e0e
  original:
    hackage: ghc-source-gen-0.2.0.1
snapshots:
- completed:
    size: 524789
    url: https://raw.githubusercontent.com/commercialhaskell/stackage-snapshots/master/lts/14/8.yaml
    sha256: 8af5eb80734f02621d37e82cc0cde614af2ddc9c320610acb0b1b6d9ac162930
  original: lts-14.8
